{
  "version": 1,
  "dependencies": {
    "net10.0": {
      "Testcontainers.PostgreSql": {
        "type": "Direct",
        "requested": "[4.15.0, )",
        "resolved": "4.15.0",
        "contentHash": "45ZvqAzrh9BoI15Z4id7WEfhk1pVKqVeAX76aef8fR5ScglD75fSQtYuXhKFx4kIcgRL5aLKt3pRiqCVIgsL9g==",
        "dependencies": {
          "Testcontainers": "4.15.0"
        }
      },
      "BouncyCastle.Cryptography": {
        "type": "Transitive",
        "resolved": "2.7.0",
        "contentHash": "U+12df8UEWHgBi04YVf/Lgi2dy3SItlIYvHjjEVa/BngCQIzDCDRBk50DDByCfDvSbe5pRNFr3b7UrVK2kMcLw=="
      },
      "Docker.DotNet.Enhanced": {
        "type": "Transitive",
        "resolved": "4.3.3",
        "contentHash": "nGicLwvd42FhRk+khY5uS6cx49ErNdwYKnYBg0F4m4BDKLp/R77AVmmN9xAiqI3W/wN5ZCHkdUhgxf5ORkZuFQ==",
        "dependencies": {
          "Docker.DotNet.Enhanced.Handler.Abstractions": "4.3.3",
          "Docker.DotNet.Enhanced.LegacyHttp": "4.3.3",
          "Docker.DotNet.Enhanced.NPipe": "4.3.3",
          "Docker.DotNet.Enhanced.NativeHttp": "4.3.3",
          "Docker.DotNet.Enhanced.Unix": "4.3.3",
          "Microsoft.Extensions.Logging.Abstractions": "8.0.3"
        }
      },
      "Docker.DotNet.Enhanced.Handler.Abstractions": {
        "type": "Transitive",
        "resolved": "4.3.3",
        "contentHash": "9Cp8hOgtynixcDoAs9lnEaQosluojSYmiW3fsLsLIVfZjlq/fznSIZNUhnmyT4Xo1Iyuok/y49WL/25O47u0Pw==",
        "dependencies": {
          "Microsoft.Extensions.Logging.Abstractions": "8.0.3"
        }
      },
      "Docker.DotNet.Enhanced.LegacyHttp": {
        "type": "Transitive",
        "resolved": "4.3.3",
        "contentHash": "7j3M16emv9PAQN7VwFn23xLYNj8GJmwPOcogveHkaWnOCqiC+anRaNKQwqIBNApM1AuwZKivehTKTPmmrjUUnw==",
        "dependencies": {
          "Docker.DotNet.Enhanced.Handler.Abstractions": "4.3.3"
        }
      },
      "Docker.DotNet.Enhanced.NativeHttp": {
        "type": "Transitive",
        "resolved": "4.3.3",
        "contentHash": "iNzK+jRFeEMobSA7l/h4ARwCKOOefOWtVN5/RB0ft6/6H6IQXvVUuOgGyZAjYLBT7TsyClRYno2B904f3dtBuQ==",
        "dependencies": {
          "Docker.DotNet.Enhanced.Handler.Abstractions": "4.3.3"
        }
      },
      "Docker.DotNet.Enhanced.NPipe": {
        "type": "Transitive",
        "resolved": "4.3.3",
        "contentHash": "ZTLYufuEfY0e6qLOgeH9QgXx2KYuoABRVaY5A8rsggyLgYqbDj9rCRfVAhHPCUv83S7pVxDHy+Tvm/BnxjWVpg==",
        "dependencies": {
          "Docker.DotNet.Enhanced.Handler.Abstractions": "4.3.3"
        }
      },
      "Docker.DotNet.Enhanced.Unix": {
        "type": "Transitive",
        "resolved": "4.3.3",
        "contentHash": "ypo8qNbmvHw1t9VfpRTMogCw2vht6VjkXzlGYUUeP2H2bf83USURdla1maW1njn2oq2rfLUFOGMfmt+A37QU2w==",
        "dependencies": {
          "Docker.DotNet.Enhanced.Handler.Abstractions": "4.3.3"
        }
      },
      "Docker.DotNet.Enhanced.X509": {
        "type": "Transitive",
        "resolved": "4.3.3",
        "contentHash": "oBDibWezEv4hgj3RIQxI3DVcxkNV1MdrD0d/jhjUu+h3DL+qc0wlkQva15kkwMatXmC/hWp1VP0DMoFXe+BmEw==",
        "dependencies": {
          "Docker.DotNet.Enhanced.Handler.Abstractions": "4.3.3"
        }
      },
      "Microsoft.Extensions.DependencyInjection.Abstractions": {
        "type": "Transitive",
        "resolved": "10.0.0",
        "contentHash": "L3AdmZ1WOK4XXT5YFPEwyt0ep6l8lGIPs7F5OOBZc77Zqeo01Of7XXICy47628sdVl0v/owxYJTe86DTgFwKCA=="
      },
      "Microsoft.Extensions.Logging.Abstractions": {
        "type": "Transitive",
        "resolved": "10.0.0",
        "contentHash": "FU/IfjDfwaMuKr414SSQNTIti/69bHEMb+QKrskRb26oVqpx3lNFXMjs/RC9ZUuhBhcwDM2BwOgoMw+PZ+beqQ==",
        "dependencies": {
          "Microsoft.Extensions.DependencyInjection.Abstractions": "10.0.0"
        }
      },
      "Npgsql": {
        "type": "Transitive",
        "resolved": "10.0.3",
        "contentHash": "7nb5YzXuvWWJxB0J8DiyL3we+X4FOctZrt0fIBnucOIaIevFEEwGQVZKtiu9olXdlNAK1eNgqSral6r/jlhI4w==",
        "dependencies": {
          "Microsoft.Extensions.Logging.Abstractions": "10.0.0"
        }
      },
      "SharpZipLib": {
        "type": "Transitive",
        "resolved": "1.4.2",
        "contentHash": "yjj+3zgz8zgXpiiC3ZdF/iyTBbz2fFvMxZFEBPUcwZjIvXOf37Ylm+K58hqMfIBt5JgU/Z2uoUS67JmTLe973A=="
      },
      "SSH.NET": {
        "type": "Transitive",
        "resolved": "2026.0.0",
        "contentHash": "Yu9dirPq8l3oaat0+OQ7K0nUf5MmYltpia5UGqsApTG4zTPvBC1cxbNnC3NERij26dUST0A3Ef1QdHSn5ArbWQ==",
        "dependencies": {
          "BouncyCastle.Cryptography": "2.7.0",
          "Microsoft.Extensions.Logging.Abstractions": "8.0.3"
        }
      },
      "Testcontainers": {
        "type": "Transitive",
        "resolved": "4.15.0",
        "contentHash": "8tCZKMm++C/9dHIr8lsE1iDBIBmthbo2XlGFDr4gorT1vgZrJwU36fNkCGuX7h7V39rpQoTK/aG+FhJz3jhY3A==",
        "dependencies": {
          "Docker.DotNet.Enhanced": "4.3.3",
          "Docker.DotNet.Enhanced.X509": "4.3.3",
          "Microsoft.Extensions.Logging.Abstractions": "8.0.3",
          "SSH.NET": "2026.0.0",
          "SharpZipLib": "1.4.2"
        }
      },
      "Karzoun.RelayGrid": {
        "type": "Project"
      },
      "Karzoun.RelayGrid.Postgres": {
        "type": "Project",
        "dependencies": {
          "Karzoun.RelayGrid": "[1.0.0, )",
          "Npgsql": "[10.0.3, )"
        }
      }
    }
  }
}
